
Microsoft Visual Studio Solution File, Format Version 12.00
# Visual Studio Version 16
VisualStudioVersion = 16.0.30907.101
MinimumVisualStudioVersion = 10.0.40219.1
Project("{FAE04EC0-301F-11D3-BF4B-00C04F79EFBC}") = "SerieNumero", "SerieNumero\SerieNumero.csproj", "{827E4E98-7AE9-490B-8D66-26EF229479FB}"
EndProject
Global
	GlobalSection(SolutionConfigurationPlatforms) = preSolution
		Debug|Any CPU = Debug|Any CPU
		Release|Any CPU = Release|Any CPU
	EndGlobalSection
	GlobalSection(ProjectConfigurationPlatforms) = postSolution
		{827E4E98-7AE9-490B-8D66-26EF229479FB}.Debug|Any CPU.ActiveCfg = Debug|Any CPU
		{827E4E98-7AE9-490B-8D66-26EF229479FB}.Debug|Any CPU.Build.0 = Debug|Any CPU
		{827E4E98-7AE9-490B-8D66-26EF229479FB}.Release|Any CPU.ActiveCfg = Release|Any CPU
		{827E4E98-7AE9-490B-8D66-26EF229479FB}.Release|Any CPU.Build.0 = Release|Any CPU
	EndGlobalSection
	GlobalSection(SolutionProperties) = preSolution
		HideSolutionNode = FALSE
	EndGlobalSection
	GlobalSection(ExtensibilityGlobals) = postSolution
		SolutionGuid = {8F1493B2-9742-49ED-BD2F-DD4994C29D97}
	EndGlobalSection
EndGlobal
