
Microsoft Visual Studio Solution File, Format Version 12.00
# Visual Studio Version 16
VisualStudioVersion = 16.0.30907.101
MinimumVisualStudioVersion = 10.0.40219.1
Project("{FAE04EC0-301F-11D3-BF4B-00C04F79EFBC}") = "Perimetros_Area_Poligono", "Perimetros_Area_Poligono\Perimetros_Area_Poligono.csproj", "{DE415C8D-A83B-42FD-A7C7-ED55BCA37D05}"
EndProject
Global
	GlobalSection(SolutionConfigurationPlatforms) = preSolution
		Debug|Any CPU = Debug|Any CPU
		Release|Any CPU = Release|Any CPU
	EndGlobalSection
	GlobalSection(ProjectConfigurationPlatforms) = postSolution
		{DE415C8D-A83B-42FD-A7C7-ED55BCA37D05}.Debug|Any CPU.ActiveCfg = Debug|Any CPU
		{DE415C8D-A83B-42FD-A7C7-ED55BCA37D05}.Debug|Any CPU.Build.0 = Debug|Any CPU
		{DE415C8D-A83B-42FD-A7C7-ED55BCA37D05}.Release|Any CPU.ActiveCfg = Release|Any CPU
		{DE415C8D-A83B-42FD-A7C7-ED55BCA37D05}.Release|Any CPU.Build.0 = Release|Any CPU
	EndGlobalSection
	GlobalSection(SolutionProperties) = preSolution
		HideSolutionNode = FALSE
	EndGlobalSection
	GlobalSection(ExtensibilityGlobals) = postSolution
		SolutionGuid = {641BEC51-56F7-42ED-8580-702CACBA7DC2}
	EndGlobalSection
EndGlobal
